(lock
  (locked
    (package (name (bjorsec)) (version "0.2.0")
             (source (git (url "https://github.com/bjoli/bjorsec")))
             (commit "81a169380a98097a4fc2c7f01fe4de3fc59e22c7"))
    (package (name (bjoweb)) (version "0.6.1")
             (source (git (url "https://github.com/bjoli/bjoweb")))
             (commit "9436c834da521d63584ceca4dfb7d2d0e1c894d7"))
    (package (name (markdig-bjolang)) (version "0.2.0")
             (source (git (url "https://github.com/bjoli/markdig-bjolang")))
             (commit "81cb27667677237c96525a2fee9e65fa76cb0532"))
    (package (name (net websocket)) (version "0.2.0")
             (source (git (url "https://github.com/bjoli/websocket")))
             (commit "74560850a9feada75a7c86fb295d44974a653e4d"))
    (package (name (samizdat)) (version "0.7.1")
             (source (git (url "https://github.com/bjoli/samizdat")))
             (commit "3b5ea2b59c56bba8415fa66425fad1067e575f7d"))
    (package (name (textmate-bjolang)) (version "0.1.2")
             (source (git (url "https://rikspucko.koketteriet.se/bjoli/textmate-bjolang")))
             (commit "eeb113389acc0f3464b6c57aff180a684c0db56d9cdbaac1d9ddece71da30a7f"))))
