(lock
  (locked
    (package (name (bjorsec)) (version "0.1.0")
             (source (git (url "https://github.com/bjoli/bjorsec")))
             (commit "b30b181f503ea9fa69321d0ff80e8572b4d25d81"))
    (package (name (bjoweb)) (version "0.3.0")
             (source (git (url "https://github.com/bjoli/bjoweb")))
             (commit "a4cb5f6b0893bbf47251976cbff073e57c499f2a"))
    (package (name (markdig-bjolang)) (version "0.1.0")
             (source (git (url "https://github.com/bjoli/markdig-bjolang")))
             (commit "4fe70c64df26e9b6da26ebcf58045f6a320b8ca3"))
    (package (name (net websocket)) (version "0.1.1")
             (source (git (url "https://github.com/bjoli/websocket")))
             (commit "79a82d1c838448a4519657cb11559e6cbf887bd6"))))
