(lock
  (locked
    (package (name (bjorsec)) (version "0.2.0")
             (source (git (url "https://github.com/bjoli/bjorsec")))
             (commit "81a169380a98097a4fc2c7f01fe4de3fc59e22c7"))
    (package (name (bjoweb)) (version "0.6.0")
             (source (git (url "https://github.com/bjoli/bjoweb")))
             (commit "25fb4e7767508d6b1cfa029c1935774ca435ce2e"))
    (package (name (markdig-bjolang)) (version "0.2.0")
             (source (git (url "https://github.com/bjoli/markdig-bjolang")))
             (commit "81cb27667677237c96525a2fee9e65fa76cb0532"))
    (package (name (net websocket)) (version "0.2.0")
             (source (git (url "https://github.com/bjoli/websocket")))
             (commit "74560850a9feada75a7c86fb295d44974a653e4d"))
    (package (name (samizdat)) (version "0.7.0")
             (source (git (url "https://github.com/bjoli/samizdat")))
             (commit "5efb777f3303f74014a07e885992111c5bed8213"))
    (package (name (textmate-bjolang)) (version "0.1.0")
             (source (git (url "https://rikspucko.koketteriet.se/bjoli/textmate-bjolang")))
             (commit "c499691376c77bbc0fbeede2f31c008071ce412a4a538090ddc810da45a78256"))))
